
Microsoft Visual Studio Solution File, Format Version 12.00
# Visual Studio Version 16
VisualStudioVersion = 16.0.29509.3
MinimumVisualStudioVersion = 10.0.40219.1
Project("{FAE04EC0-301F-11D3-BF4B-00C04F79EFBC}") = "ndp-b171200019", "ndp-b171200019\ndp-b171200019.csproj", "{439DEFFF-AD5F-4FBD-9B01-95E398BF00E7}"
EndProject
Global
	GlobalSection(SolutionConfigurationPlatforms) = preSolution
		Debug|Any CPU = Debug|Any CPU
		Release|Any CPU = Release|Any CPU
	EndGlobalSection
	GlobalSection(ProjectConfigurationPlatforms) = postSolution
		{439DEFFF-AD5F-4FBD-9B01-95E398BF00E7}.Debug|Any CPU.ActiveCfg = Debug|Any CPU
		{439DEFFF-AD5F-4FBD-9B01-95E398BF00E7}.Debug|Any CPU.Build.0 = Debug|Any CPU
		{439DEFFF-AD5F-4FBD-9B01-95E398BF00E7}.Release|Any CPU.ActiveCfg = Release|Any CPU
		{439DEFFF-AD5F-4FBD-9B01-95E398BF00E7}.Release|Any CPU.Build.0 = Release|Any CPU
	EndGlobalSection
	GlobalSection(SolutionProperties) = preSolution
		HideSolutionNode = FALSE
	EndGlobalSection
	GlobalSection(ExtensibilityGlobals) = postSolution
		SolutionGuid = {51713D9C-8824-43E5-9713-2784F877A003}
	EndGlobalSection
EndGlobal
